# This file is automatically @generated by Cargo.
# It is not intended for manual editing.
version = 4

[[package]]
name = "itoa"
version = "1.0.17"
source = "registry+https://github.com/rust-lang/crates.io-index"
checksum = "92ecc6618181def0457392ccd0ee51198e065e016d1d527a7ac1b6dc7c1f09d2"

[[package]]
name = "num-format-ffi"
version = "0.1.0"
dependencies = [
 "itoa",
 "zmij",
]

[[package]]
name = "zmij"
version = "1.0.9"
source = "registry+https://github.com/rust-lang/crates.io-index"
checksum = "4ee2a72b10d087f75fb2e1c2c7343e308fe6970527c22a41caf8372e165ff5c1"
